# This file is automatically @generated by Cargo.
# It is not intended for manual editing.
version = 3

[[package]]
name = "capnp"
version = "0.25.1"
source = "registry+https://github.com/rust-lang/crates.io-index"
checksum = "1ae0593da254d02d0e69525b5eec7a59586753aa3bd2e54842eca33c6786330c"
dependencies = [
 "embedded-io",
]

[[package]]
name = "capnpc"
version = "0.25.0"
source = "registry+https://github.com/rust-lang/crates.io-index"
checksum = "d6cdfa6b0df161a71201367910265b97180541ecdb48bd08e05ef8694c295d1f"
dependencies = [
 "capnp",
]

[[package]]
name = "embedded-io"
version = "0.7.1"
source = "registry+https://github.com/rust-lang/crates.io-index"
checksum = "9eb1aa714776b75c7e67e1da744b81a129b3ff919c8712b5e1b32252c1f07cc7"

[[package]]
name = "subscribe-rust"
version = "0.1.0"
dependencies = [
 "capnpc",
]
